// !$*UTF8*$!
{
	archiveVersion = 1;
	classes = {
	};
	objectVersion = 48;
	objects = {

/* Begin PBXBuildFile section */
		C6CFDCA92060F40E006E3A3B /* Sneaker.m in Sources */ = {isa = PBXBuildFile; fileRef = C6CFDCA42060F40D006E3A3B /* Sneaker.m */; };
		C6CFDCAB2060F40E006E3A3B /* Utils.m in Sources */ = {isa = PBXBuildFile; fileRef = C6CFDCA82060F40E006E3A3B /* Utils.m */; };
		C6CFDCBB2060F519006E3A3B /* SneakerCollectionViewController.m in Sources */ = {isa = PBXBuildFile; fileRef = C6CFDCB72060F519006E3A3B /* SneakerCollectionViewController.m */; };
		C6CFDCBC2060F519006E3A3B /* SneakerCell.m in Sources */ = {isa = PBXBuildFile; fileRef = C6CFDCB92060F519006E3A3B /* SneakerCell.m */; };
		C6CFDCDF206231F4006E3A3B /* Realm.framework in Embed Frameworks */ = {isa = PBXBuildFile; fileRef = C6CFDCDA206230E5006E3A3B /* Realm.framework */; settings = {ATTRIBUTES = (CodeSignOnCopy, RemoveHeadersOnCopy, ); }; };
		C6CFDCE1206231F4006E3A3B /* RealmSwift.framework in Embed Frameworks */ = {isa = PBXBuildFile; fileRef = C6CFDCD9206230E5006E3A3B /* RealmSwift.framework */; settings = {ATTRIBUTES = (CodeSignOnCopy, RemoveHeadersOnCopy, ); }; };
		C6CFDCE42062358A006E3A3B /* SneakerSectionHeader.m in Sources */ = {isa = PBXBuildFile; fileRef = C6CFDCE32062358A006E3A3B /* SneakerSectionHeader.m */; };
		C6E5F64F2060F3A600934EF6 /* AppDelegate.m in Sources */ = {isa = PBXBuildFile; fileRef = C6E5F64E2060F3A600934EF6 /* AppDelegate.m */; };
		C6E5F6552060F3A600934EF6 /* Main.storyboard in Resources */ = {isa = PBXBuildFile; fileRef = C6E5F6532060F3A600934EF6 /* Main.storyboard */; };
		C6E5F6572060F3A600934EF6 /* Assets.xcassets in Resources */ = {isa = PBXBuildFile; fileRef = C6E5F6562060F3A600934EF6 /* Assets.xcassets */; };
		C6E5F65A2060F3A600934EF6 /* LaunchScreen.storyboard in Resources */ = {isa = PBXBuildFile; fileRef = C6E5F6582060F3A600934EF6 /* LaunchScreen.storyboard */; };
		C6E5F65D2060F3A600934EF6 /* main.m in Sources */ = {isa = PBXBuildFile; fileRef = C6E5F65C2060F3A600934EF6 /* main.m */; };
/* End PBXBuildFile section */

/* Begin PBXCopyFilesBuildPhase section */
		C6CFDCCE20623042006E3A3B /* Embed Frameworks */ = {
			isa = PBXCopyFilesBuildPhase;
			buildActionMask = 2147483647;
			dstPath = "";
			dstSubfolderSpec = 10;
			files = (
				C6CFDCE1206231F4006E3A3B /* RealmSwift.framework in Embed Frameworks */,
				C6CFDCDF206231F4006E3A3B /* Realm.framework in Embed Frameworks */,
			);
			name = "Embed Frameworks";
			runOnlyForDeploymentPostprocessing = 0;
		};
/* End PBXCopyFilesBuildPhase section */

/* Begin PBXFileReference section */
		C6CFDCA42060F40D006E3A3B /* Sneaker.m */ = {isa = PBXFileReference; fileEncoding = 4; lastKnownFileType = sourcecode.c.objc; path = Sneaker.m; sourceTree = "<group>"; };
		C6CFDCA52060F40E006E3A3B /* Utils.h */ = {isa = PBXFileReference; fileEncoding = 4; lastKnownFileType = sourcecode.c.h; path = Utils.h; sourceTree = "<group>"; };
		C6CFDCA72060F40E006E3A3B /* Sneaker.h */ = {isa = PBXFileReference; fileEncoding = 4; lastKnownFileType = sourcecode.c.h; path = Sneaker.h; sourceTree = "<group>"; };
		C6CFDCA82060F40E006E3A3B /* Utils.m */ = {isa = PBXFileReference; fileEncoding = 4; lastKnownFileType = sourcecode.c.objc; path = Utils.m; sourceTree = "<group>"; };
		C6CFDCB72060F519006E3A3B /* SneakerCollectionViewController.m */ = {isa = PBXFileReference; lastKnownFileType = sourcecode.c.objc; path = SneakerCollectionViewController.m; sourceTree = "<group>"; };
		C6CFDCB82060F519006E3A3B /* SneakerCollectionViewController.h */ = {isa = PBXFileReference; lastKnownFileType = sourcecode.c.h; path = SneakerCollectionViewController.h; sourceTree = "<group>"; };
		C6CFDCB92060F519006E3A3B /* SneakerCell.m */ = {isa = PBXFileReference; lastKnownFileType = sourcecode.c.objc; path = SneakerCell.m; sourceTree = "<group>"; };
		C6CFDCBA2060F519006E3A3B /* SneakerCell.h */ = {isa = PBXFileReference; lastKnownFileType = sourcecode.c.h; path = SneakerCell.h; sourceTree = "<group>"; };
		C6CFDCD9206230E5006E3A3B /* RealmSwift.framework */ = {isa = PBXFileReference; lastKnownFileType = wrapper.framework; name = RealmSwift.framework; path = Carthage/Build/iOS/RealmSwift.framework; sourceTree = "<group>"; };
		C6CFDCDA206230E5006E3A3B /* Realm.framework */ = {isa = PBXFileReference; lastKnownFileType = wrapper.framework; name = Realm.framework; path = Carthage/Build/iOS/Realm.framework; sourceTree = "<group>"; };
		C6CFDCE22062358A006E3A3B /* SneakerSectionHeader.h */ = {isa = PBXFileReference; lastKnownFileType = sourcecode.c.h; path = SneakerSectionHeader.h; sourceTree = "<group>"; };
		C6CFDCE32062358A006E3A3B /* SneakerSectionHeader.m */ = {isa = PBXFileReference; lastKnownFileType = sourcecode.c.objc; path = SneakerSectionHeader.m; sourceTree = "<group>"; };
		C6E5F64A2060F3A500934EF6 /* KickStorage.app */ = {isa = PBXFileReference; explicitFileType = wrapper.application; includeInIndex = 0; path = KickStorage.app; sourceTree = BUILT_PRODUCTS_DIR; };
		C6E5F64D2060F3A500934EF6 /* AppDelegate.h */ = {isa = PBXFileReference; lastKnownFileType = sourcecode.c.h; path = AppDelegate.h; sourceTree = "<group>"; };
		C6E5F64E2060F3A600934EF6 /* AppDelegate.m */ = {isa = PBXFileReference; lastKnownFileType = sourcecode.c.objc; path = AppDelegate.m; sourceTree = "<group>"; };
		C6E5F6542060F3A600934EF6 /* Base */ = {isa = PBXFileReference; lastKnownFileType = file.storyboard; name = Base; path = Base.lproj/Main.storyboard; sourceTree = "<group>"; };
		C6E5F6562060F3A600934EF6 /* Assets.xcassets */ = {isa = PBXFileReference; lastKnownFileType = folder.assetcatalog; path = Assets.xcassets; sourceTree = "<group>"; };
		C6E5F6592060F3A600934EF6 /* Base */ = {isa = PBXFileReference; lastKnownFileType = file.storyboard; name = Base; path = Base.lproj/LaunchScreen.storyboard; sourceTree = "<group>"; };
		C6E5F65B2060F3A600934EF6 /* Info.plist */ = {isa = PBXFileReference; lastKnownFileType = text.plist.xml; path = Info.plist; sourceTree = "<group>"; };
		C6E5F65C2060F3A600934EF6 /* main.m */ = {isa = PBXFileReference; lastKnownFileType = sourcecode.c.objc; path = main.m; sourceTree = "<group>"; };
/* End PBXFileReference section */

/* Begin PBXFrameworksBuildPhase section */
		C6E5F6472060F3A500934EF6 /* Frameworks */ = {
			isa = PBXFrameworksBuildPhase;
			buildActionMask = 2147483647;
			files = (
			);
			runOnlyForDeploymentPostprocessing = 0;
		};
/* End PBXFrameworksBuildPhase section */

/* Begin PBXGroup section */
		C6CFDCBD20622F28006E3A3B /* Frameworks */ = {
			isa = PBXGroup;
			children = (
				C6CFDCDA206230E5006E3A3B /* Realm.framework */,
				C6CFDCD9206230E5006E3A3B /* RealmSwift.framework */,
			);
			name = Frameworks;
			sourceTree = "<group>";
		};
		C6E5F6412060F3A500934EF6 = {
			isa = PBXGroup;
			children = (
				C6E5F64C2060F3A500934EF6 /* KickStorage */,
				C6E5F64B2060F3A500934EF6 /* Products */,
				C6CFDCBD20622F28006E3A3B /* Frameworks */,
			);
			sourceTree = "<group>";
		};
		C6E5F64B2060F3A500934EF6 /* Products */ = {
			isa = PBXGroup;
			children = (
				C6E5F64A2060F3A500934EF6 /* KickStorage.app */,
			);
			name = Products;
			sourceTree = "<group>";
		};
		C6E5F64C2060F3A500934EF6 /* KickStorage */ = {
			isa = PBXGroup;
			children = (
				C6CFDCA72060F40E006E3A3B /* Sneaker.h */,
				C6CFDCA42060F40D006E3A3B /* Sneaker.m */,
				C6CFDCA52060F40E006E3A3B /* Utils.h */,
				C6CFDCA82060F40E006E3A3B /* Utils.m */,
				C6CFDCBA2060F519006E3A3B /* SneakerCell.h */,
				C6CFDCB92060F519006E3A3B /* SneakerCell.m */,
				C6CFDCE22062358A006E3A3B /* SneakerSectionHeader.h */,
				C6CFDCE32062358A006E3A3B /* SneakerSectionHeader.m */,
				C6CFDCB82060F519006E3A3B /* SneakerCollectionViewController.h */,
				C6CFDCB72060F519006E3A3B /* SneakerCollectionViewController.m */,
				C6E5F64D2060F3A500934EF6 /* AppDelegate.h */,
				C6E5F64E2060F3A600934EF6 /* AppDelegate.m */,
				C6E5F6532060F3A600934EF6 /* Main.storyboard */,
				C6E5F6562060F3A600934EF6 /* Assets.xcassets */,
				C6E5F6582060F3A600934EF6 /* LaunchScreen.storyboard */,
				C6E5F65B2060F3A600934EF6 /* Info.plist */,
				C6E5F65C2060F3A600934EF6 /* main.m */,
			);
			path = KickStorage;
			sourceTree = "<group>";
		};
/* End PBXGroup section */

/* Begin PBXNativeTarget section */
		C6E5F6492060F3A500934EF6 /* KickStorage */ = {
			isa = PBXNativeTarget;
			buildConfigurationList = C6E5F6602060F3A600934EF6 /* Build configuration list for PBXNativeTarget "KickStorage" */;
			buildPhases = (
				C6E5F6462060F3A500934EF6 /* Sources */,
				C6E5F6472060F3A500934EF6 /* Frameworks */,
				C6E5F6482060F3A500934EF6 /* Resources */,
				C6CFDCCE20623042006E3A3B /* Embed Frameworks */,
				C6CFDCDD206230F6006E3A3B /* ShellScript */,
			);
			buildRules = (
			);
			dependencies = (
			);
			name = KickStorage;
			productName = KickStorage;
			productReference = C6E5F64A2060F3A500934EF6 /* KickStorage.app */;
			productType = "com.apple.product-type.application";
		};
/* End PBXNativeTarget section */

/* Begin PBXProject section */
		C6E5F6422060F3A500934EF6 /* Project object */ = {
			isa = PBXProject;
			attributes = {
				LastUpgradeCheck = 0920;
				ORGANIZATIONNAME = "Jessica Lachewitz";
				TargetAttributes = {
					C6E5F6492060F3A500934EF6 = {
						CreatedOnToolsVersion = 9.2;
						ProvisioningStyle = Automatic;
					};
				};
			};
			buildConfigurationList = C6E5F6452060F3A500934EF6 /* Build configuration list for PBXProject "KickStorage" */;
			compatibilityVersion = "Xcode 8.0";
			developmentRegion = en;
			hasScannedForEncodings = 0;
			knownRegions = (
				en,
				Base,
			);
			mainGroup = C6E5F6412060F3A500934EF6;
			productRefGroup = C6E5F64B2060F3A500934EF6 /* Products */;
			projectDirPath = "";
			projectRoot = "";
			targets = (
				C6E5F6492060F3A500934EF6 /* KickStorage */,
			);
		};
/* End PBXProject section */

/* Begin PBXResourcesBuildPhase section */
		C6E5F6482060F3A500934EF6 /* Resources */ = {
			isa = PBXResourcesBuildPhase;
			buildActionMask = 2147483647;
			files = (
				C6E5F65A2060F3A600934EF6 /* LaunchScreen.storyboard in Resources */,
				C6E5F6572060F3A600934EF6 /* Assets.xcassets in Resources */,
				C6E5F6552060F3A600934EF6 /* Main.storyboard in Resources */,
			);
			runOnlyForDeploymentPostprocessing = 0;
		};
/* End PBXResourcesBuildPhase section */

/* Begin PBXShellScriptBuildPhase section */
		C6CFDCDD206230F6006E3A3B /* ShellScript */ = {
			isa = PBXShellScriptBuildPhase;
			buildActionMask = 2147483647;
			files = (
			);
			inputPaths = (
				"$(SRCROOT)/Carthage/Build/iOS/Realm.framework",
				"$(SRCROOT)/Carthage/Build/iOS/RealmSwift.framework",
			);
			outputPaths = (
			);
			runOnlyForDeploymentPostprocessing = 0;
			shellPath = /bin/sh;
			shellScript = "/usr/local/bin/carthage copy-frameworks";
		};
/* End PBXShellScriptBuildPhase section */

/* Begin PBXSourcesBuildPhase section */
		C6E5F6462060F3A500934EF6 /* Sources */ = {
			isa = PBXSourcesBuildPhase;
			buildActionMask = 2147483647;
			files = (
				C6CFDCE42062358A006E3A3B /* SneakerSectionHeader.m in Sources */,
				C6CFDCBC2060F519006E3A3B /* SneakerCell.m in Sources */,
				C6CFDCA92060F40E006E3A3B /* Sneaker.m in Sources */,
				C6CFDCBB2060F519006E3A3B /* SneakerCollectionViewController.m in Sources */,
				C6E5F65D2060F3A600934EF6 /* main.m in Sources */,
				C6CFDCAB2060F40E006E3A3B /* Utils.m in Sources */,
				C6E5F64F2060F3A600934EF6 /* AppDelegate.m in Sources */,
			);
			runOnlyForDeploymentPostprocessing = 0;
		};
/* End PBXSourcesBuildPhase section */

/* Begin PBXVariantGroup section */
		C6E5F6532060F3A600934EF6 /* Main.storyboard */ = {
			isa = PBXVariantGroup;
			children = (
				C6E5F6542060F3A600934EF6 /* Base */,
			);
			name = Main.storyboard;
			sourceTree = "<group>";
		};
		C6E5F6582060F3A600934EF6 /* LaunchScreen.storyboard */ = {
			isa = PBXVariantGroup;
			children = (
				C6E5F6592060F3A600934EF6 /* Base */,
			);
			name = LaunchScreen.storyboard;
			sourceTree = "<group>";
		};
/* End PBXVariantGroup section */

/* Begin XCBuildConfiguration section */
		C6E5F65E2060F3A600934EF6 /* Debug */ = {
			isa = XCBuildConfiguration;
			buildSettings = {
				ALWAYS_SEARCH_USER_PATHS = NO;
				CLANG_ANALYZER_NONNULL = YES;
				CLANG_ANALYZER_NUMBER_OBJECT_CONVERSION = YES_AGGRESSIVE;
				CLANG_CXX_LANGUAGE_STANDARD = "gnu++14";
				CLANG_CXX_LIBRARY = "libc++";
				CLANG_ENABLE_MODULES = YES;
				CLANG_ENABLE_OBJC_ARC = YES;
				CLANG_WARN_BLOCK_CAPTURE_AUTORELEASING = YES;
				CLANG_WARN_BOOL_CONVERSION = YES;
				CLANG_WARN_COMMA = YES;
				CLANG_WARN_CONSTANT_CONVERSION = YES;
				CLANG_WARN_DIRECT_OBJC_ISA_USAGE = YES_ERROR;
				CLANG_WARN_DOCUMENTATION_COMMENTS = YES;
				CLANG_WARN_EMPTY_BODY = YES;
				CLANG_WARN_ENUM_CONVERSION = YES;
				CLANG_WARN_INFINITE_RECURSION = YES;
				CLANG_WARN_INT_CONVERSION = YES;
				CLANG_WARN_NON_LITERAL_NULL_CONVERSION = YES;
				CLANG_WARN_OBJC_LITERAL_CONVERSION = YES;
				CLANG_WARN_OBJC_ROOT_CLASS = YES_ERROR;
				CLANG_WARN_RANGE_LOOP_ANALYSIS = YES;
				CLANG_WARN_STRICT_PROTOTYPES = YES;
				CLANG_WARN_SUSPICIOUS_MOVE = YES;
				CLANG_WARN_UNGUARDED_AVAILABILITY = YES_AGGRESSIVE;
				CLANG_WARN_UNREACHABLE_CODE = YES;
				CLANG_WARN__DUPLICATE_METHOD_MATCH = YES;
				CODE_SIGN_IDENTITY = "iPhone Developer";
				COPY_PHASE_STRIP = NO;
				DEBUG_INFORMATION_FORMAT = dwarf;
				ENABLE_STRICT_OBJC_MSGSEND = YES;
				ENABLE_TESTABILITY = YES;
				GCC_C_LANGUAGE_STANDARD = gnu11;
				GCC_DYNAMIC_NO_PIC = NO;
				GCC_NO_COMMON_BLOCKS = YES;
				GCC_OPTIMIZATION_LEVEL = 0;
				GCC_PREPROCESSOR_DEFINITIONS = (
					"DEBUG=1",
					"$(inherited)",
				);
				GCC_WARN_64_TO_32_BIT_CONVERSION = YES;
				GCC_WARN_ABOUT_RETURN_TYPE = YES_ERROR;
				GCC_WARN_UNDECLARED_SELECTOR = YES;
				GCC_WARN_UNINITIALIZED_AUTOS = YES_AGGRESSIVE;
				GCC_WARN_UNUSED_FUNCTION = YES;
				GCC_WARN_UNUSED_VARIABLE = YES;
				IPHONEOS_DEPLOYMENT_TARGET = 11.2;
				MTL_ENABLE_DEBUG_INFO = YES;
				ONLY_ACTIVE_ARCH = YES;
				SDKROOT = iphoneos;
			};
			name = Debug;
		};
		C6E5F65F2060F3A600934EF6 /* Release */ = {
			isa = XCBuildConfiguration;
			buildSettings = {
				ALWAYS_SEARCH_USER_PATHS = NO;
				CLANG_ANALYZER_NONNULL = YES;
				CLANG_ANALYZER_NUMBER_OBJECT_CONVERSION = YES_AGGRESSIVE;
				CLANG_CXX_LANGUAGE_STANDARD = "gnu++14";
				CLANG_CXX_LIBRARY = "libc++";
				CLANG_ENABLE_MODULES = YES;
				CLANG_ENABLE_OBJC_ARC = YES;
				CLANG_WARN_BLOCK_CAPTURE_AUTORELEASING = YES;
				CLANG_WARN_BOOL_CONVERSION = YES;
				CLANG_WARN_COMMA = YES;
				CLANG_WARN_CONSTANT_CONVERSION = YES;
				CLANG_WARN_DIRECT_OBJC_ISA_USAGE = YES_ERROR;
				CLANG_WARN_DOCUMENTATION_COMMENTS = YES;
				CLANG_WARN_EMPTY_BODY = YES;
				CLANG_WARN_ENUM_CONVERSION = YES;
				CLANG_WARN_INFINITE_RECURSION = YES;
				CLANG_WARN_INT_CONVERSION = YES;
				CLANG_WARN_NON_LITERAL_NULL_CONVERSION = YES;
				CLANG_WARN_OBJC_LITERAL_CONVERSION = YES;
				CLANG_WARN_OBJC_ROOT_CLASS = YES_ERROR;
				CLANG_WARN_RANGE_LOOP_ANALYSIS = YES;
				CLANG_WARN_STRICT_PROTOTYPES = YES;
				CLANG_WARN_SUSPICIOUS_MOVE = YES;
				CLANG_WARN_UNGUARDED_AVAILABILITY = YES_AGGRESSIVE;
				CLANG_WARN_UNREACHABLE_CODE = YES;
				CLANG_WARN__DUPLICATE_METHOD_MATCH = YES;
				CODE_SIGN_IDENTITY = "iPhone Developer";
				COPY_PHASE_STRIP = NO;
				DEBUG_INFORMATION_FORMAT = "dwarf-with-dsym";
				ENABLE_NS_ASSERTIONS = NO;
				ENABLE_STRICT_OBJC_MSGSEND = YES;
				GCC_C_LANGUAGE_STANDARD = gnu11;
				GCC_NO_COMMON_BLOCKS = YES;
				GCC_WARN_64_TO_32_BIT_CONVERSION = YES;
				GCC_WARN_ABOUT_RETURN_TYPE = YES_ERROR;
				GCC_WARN_UNDECLARED_SELECTOR = YES;
				GCC_WARN_UNINITIALIZED_AUTOS = YES_AGGRESSIVE;
				GCC_WARN_UNUSED_FUNCTION = YES;
				GCC_WARN_UNUSED_VARIABLE = YES;
				IPHONEOS_DEPLOYMENT_TARGET = 11.2;
				MTL_ENABLE_DEBUG_INFO = NO;
				SDKROOT = iphoneos;
				VALIDATE_PRODUCT = YES;
			};
			name = Release;
		};
		C6E5F6612060F3A600934EF6 /* Debug */ = {
			isa = XCBuildConfiguration;
			buildSettings = {
				ASSETCATALOG_COMPILER_APPICON_NAME = AppIcon;
				CODE_SIGN_STYLE = Automatic;
				FRAMEWORK_SEARCH_PATHS = (
					"$(inherited)",
					"$(PROJECT_DIR)/Frameworks",
					"$(PROJECT_DIR)/Carthage/Build/iOS",
				);
				INFOPLIST_FILE = KickStorage/Info.plist;
				LD_RUNPATH_SEARCH_PATHS = "$(inherited) @executable_path/Frameworks";
				PRODUCT_BUNDLE_IDENTIFIER = doodlebug.KickStorage;
				PRODUCT_NAME = "$(TARGET_NAME)";
				TARGETED_DEVICE_FAMILY = "1,2";
			};
			name = Debug;
		};
		C6E5F6622060F3A600934EF6 /* Release */ = {
			isa = XCBuildConfiguration;
			buildSettings = {
				ASSETCATALOG_COMPILER_APPICON_NAME = AppIcon;
				CODE_SIGN_STYLE = Automatic;
				FRAMEWORK_SEARCH_PATHS = (
					"$(inherited)",
					"$(PROJECT_DIR)/Frameworks",
					"$(PROJECT_DIR)/Carthage/Build/iOS",
				);
				INFOPLIST_FILE = KickStorage/Info.plist;
				LD_RUNPATH_SEARCH_PATHS = "$(inherited) @executable_path/Frameworks";
				PRODUCT_BUNDLE_IDENTIFIER = doodlebug.KickStorage;
				PRODUCT_NAME = "$(TARGET_NAME)";
				TARGETED_DEVICE_FAMILY = "1,2";
			};
			name = Release;
		};
/* End XCBuildConfiguration section */

/* Begin XCConfigurationList section */
		C6E5F6452060F3A500934EF6 /* Build configuration list for PBXProject "KickStorage" */ = {
			isa = XCConfigurationList;
			buildConfigurations = (
				C6E5F65E2060F3A600934EF6 /* Debug */,
				C6E5F65F2060F3A600934EF6 /* Release */,
			);
			defaultConfigurationIsVisible = 0;
			defaultConfigurationName = Release;
		};
		C6E5F6602060F3A600934EF6 /* Build configuration list for PBXNativeTarget "KickStorage" */ = {
			isa = XCConfigurationList;
			buildConfigurations = (
				C6E5F6612060F3A600934EF6 /* Debug */,
				C6E5F6622060F3A600934EF6 /* Release */,
			);
			defaultConfigurationIsVisible = 0;
			defaultConfigurationName = Release;
		};
/* End XCConfigurationList section */
	};
	rootObject = C6E5F6422060F3A500934EF6 /* Project object */;
}
